
Microsoft Visual Studio Solution File, Format Version 12.00
# Visual Studio Version 17
VisualStudioVersion = 17.1.32407.343
MinimumVisualStudioVersion = 10.0.40219.1
Project("{FAE04EC0-301F-11D3-BF4B-00C04F79EFBC}") = "BlazorApp1", "BlazorApp1\BlazorApp1.csproj", "{C242D9B6-46F4-41CE-BE20-E73C4A31030E}"
EndProject
Global
	GlobalSection(SolutionConfigurationPlatforms) = preSolution
		Debug|Any CPU = Debug|Any CPU
		Release|Any CPU = Release|Any CPU
	EndGlobalSection
	GlobalSection(ProjectConfigurationPlatforms) = postSolution
		{C242D9B6-46F4-41CE-BE20-E73C4A31030E}.Debug|Any CPU.ActiveCfg = Debug|Any CPU
		{C242D9B6-46F4-41CE-BE20-E73C4A31030E}.Debug|Any CPU.Build.0 = Debug|Any CPU
		{C242D9B6-46F4-41CE-BE20-E73C4A31030E}.Release|Any CPU.ActiveCfg = Release|Any CPU
		{C242D9B6-46F4-41CE-BE20-E73C4A31030E}.Release|Any CPU.Build.0 = Release|Any CPU
	EndGlobalSection
	GlobalSection(SolutionProperties) = preSolution
		HideSolutionNode = FALSE
	EndGlobalSection
	GlobalSection(ExtensibilityGlobals) = postSolution
		SolutionGuid = {E8411437-F741-4F22-8921-EDE668B29224}
	EndGlobalSection
EndGlobal
